
Microsoft Visual Studio Solution File, Format Version 12.00
# Visual Studio Version 16
VisualStudioVersion = 16.0.31005.135
MinimumVisualStudioVersion = 10.0.40219.1
Project("{FAE04EC0-301F-11D3-BF4B-00C04F79EFBC}") = "SABDZ2", "SABDZ2\SABDZ2.csproj", "{E5FD041C-76C4-4541-A0FB-518724F0251C}"
EndProject
Global
	GlobalSection(SolutionConfigurationPlatforms) = preSolution
		Debug|Any CPU = Debug|Any CPU
		Release|Any CPU = Release|Any CPU
	EndGlobalSection
	GlobalSection(ProjectConfigurationPlatforms) = postSolution
		{E5FD041C-76C4-4541-A0FB-518724F0251C}.Debug|Any CPU.ActiveCfg = Debug|Any CPU
		{E5FD041C-76C4-4541-A0FB-518724F0251C}.Debug|Any CPU.Build.0 = Debug|Any CPU
		{E5FD041C-76C4-4541-A0FB-518724F0251C}.Release|Any CPU.ActiveCfg = Release|Any CPU
		{E5FD041C-76C4-4541-A0FB-518724F0251C}.Release|Any CPU.Build.0 = Release|Any CPU
	EndGlobalSection
	GlobalSection(SolutionProperties) = preSolution
		HideSolutionNode = FALSE
	EndGlobalSection
	GlobalSection(ExtensibilityGlobals) = postSolution
		SolutionGuid = {EA52A121-A845-47A4-9888-91F39FF2FC54}
	EndGlobalSection
EndGlobal
